
Microsoft Visual Studio Solution File, Format Version 12.00
# Visual Studio Version 17
VisualStudioVersion = 17.3.32708.82
MinimumVisualStudioVersion = 10.0.40219.1
Project("{FAE04EC0-301F-11D3-BF4B-00C04F79EFBC}") = "Prog_122_Assignment_Bookcase", "Prog_122_Assignment_Bookcase.csproj", "{45BDBAA6-14AE-4603-8048-76246DF252CD}"
EndProject
Global
	GlobalSection(SolutionConfigurationPlatforms) = preSolution
		Debug|Any CPU = Debug|Any CPU
		Release|Any CPU = Release|Any CPU
	EndGlobalSection
	GlobalSection(ProjectConfigurationPlatforms) = postSolution
		{45BDBAA6-14AE-4603-8048-76246DF252CD}.Debug|Any CPU.ActiveCfg = Debug|Any CPU
		{45BDBAA6-14AE-4603-8048-76246DF252CD}.Debug|Any CPU.Build.0 = Debug|Any CPU
		{45BDBAA6-14AE-4603-8048-76246DF252CD}.Release|Any CPU.ActiveCfg = Release|Any CPU
		{45BDBAA6-14AE-4603-8048-76246DF252CD}.Release|Any CPU.Build.0 = Release|Any CPU
	EndGlobalSection
	GlobalSection(SolutionProperties) = preSolution
		HideSolutionNode = FALSE
	EndGlobalSection
	GlobalSection(ExtensibilityGlobals) = postSolution
		SolutionGuid = {D3DA729A-B208-4493-B021-02F8D68DCFCF}
	EndGlobalSection
EndGlobal
